
Microsoft Visual Studio Solution File, Format Version 12.00
# Visual Studio Version 17
VisualStudioVersion = 17.1.32407.343
MinimumVisualStudioVersion = 10.0.40219.1
Project("{FAE04EC0-301F-11D3-BF4B-00C04F79EFBC}") = "Desafio01", "Desafio01\Desafio01.csproj", "{8D7F61F3-C129-48B3-939D-C6274B4644D8}"
EndProject
Global
	GlobalSection(SolutionConfigurationPlatforms) = preSolution
		Debug|Any CPU = Debug|Any CPU
		Release|Any CPU = Release|Any CPU
	EndGlobalSection
	GlobalSection(ProjectConfigurationPlatforms) = postSolution
		{8D7F61F3-C129-48B3-939D-C6274B4644D8}.Debug|Any CPU.ActiveCfg = Debug|Any CPU
		{8D7F61F3-C129-48B3-939D-C6274B4644D8}.Debug|Any CPU.Build.0 = Debug|Any CPU
		{8D7F61F3-C129-48B3-939D-C6274B4644D8}.Release|Any CPU.ActiveCfg = Release|Any CPU
		{8D7F61F3-C129-48B3-939D-C6274B4644D8}.Release|Any CPU.Build.0 = Release|Any CPU
	EndGlobalSection
	GlobalSection(SolutionProperties) = preSolution
		HideSolutionNode = FALSE
	EndGlobalSection
	GlobalSection(ExtensibilityGlobals) = postSolution
		SolutionGuid = {100315E9-ED74-4470-8F3A-8EC07DEDDC7D}
	EndGlobalSection
EndGlobal
